
Microsoft Visual Studio Solution File, Format Version 12.00
# Visual Studio 14
VisualStudioVersion = 14.0.25420.1
MinimumVisualStudioVersion = 10.0.40219.1
Project("{FAE04EC0-301F-11D3-BF4B-00C04F79EFBC}") = "GameTools", "GameTools\GameTools.csproj", "{6B677DBB-2098-4302-AD46-A7C6536A3FE4}"
EndProject
Project("{FAE04EC0-301F-11D3-BF4B-00C04F79EFBC}") = "FloatTable", "FloatTable\FloatTable.csproj", "{158F6A74-2839-4BE6-A758-16E68EA3568B}"
EndProject
Project("{FAE04EC0-301F-11D3-BF4B-00C04F79EFBC}") = "Test3ds", "Test3ds\Test3ds.csproj", "{C293C7E9-2459-4636-AFE4-038AAA0C1280}"
EndProject
Project("{FAE04EC0-301F-11D3-BF4B-00C04F79EFBC}") = "GT-Eledees", "GT-Eledees\GT-Eledees.csproj", "{C204FCA3-26EB-4451-8BA6-C3DFA3AF66CF}"
EndProject
Project("{FAE04EC0-301F-11D3-BF4B-00C04F79EFBC}") = "GT-KyleHyde", "GT-KyleHyde\GT-KyleHyde.csproj", "{AFA2B810-AA76-4150-9026-AB20303984B1}"
EndProject
Project("{2150E333-8FDC-42A3-9474-1A3956D46DE8}") = "_Library", "_Library", "{2553BBBB-5D98-4ADD-86BA-EA7920289A25}"
EndProject
Project("{2150E333-8FDC-42A3-9474-1A3956D46DE8}") = "Test", "Test", "{0C89EC5A-334F-4DD8-A92B-0E7B0434114A}"
EndProject
Project("{2150E333-8FDC-42A3-9474-1A3956D46DE8}") = "Tool", "Tool", "{945E5C1E-A7A0-4B1B-AAEF-102868418604}"
EndProject
Project("{2150E333-8FDC-42A3-9474-1A3956D46DE8}") = "Game", "Game", "{8AD7FA9F-7DB7-4B05-AF4E-CECA58522B21}"
EndProject
Project("{FAE04EC0-301F-11D3-BF4B-00C04F79EFBC}") = "TestDXT1", "TestDXT1\TestDXT1.csproj", "{3EF3ABF8-65B9-4D5D-A511-7C05D12D8A51}"
EndProject
Project("{FAE04EC0-301F-11D3-BF4B-00C04F79EFBC}") = "GameTools2", "GameTools2\GameTools2.csproj", "{83EDC402-6ED0-4CB1-B7E3-1DC6AFA59CA1}"
EndProject
Project("{FAE04EC0-301F-11D3-BF4B-00C04F79EFBC}") = "GameTools3D", "GameTools3D\GameTools3D.csproj", "{139F7041-0E89-4D06-AD45-5BA3C08BAC66}"
EndProject
Project("{FAE04EC0-301F-11D3-BF4B-00C04F79EFBC}") = "IntList", "IntList\IntList.csproj", "{ECE837B9-6A18-44E1-AC9A-9BF8D8140B84}"
EndProject
Project("{FAE04EC0-301F-11D3-BF4B-00C04F79EFBC}") = "TestPCX", "TestPCX\TestPCX.csproj", "{E45DDF77-D329-4CAC-A5B8-D4678C2BD60E}"
EndProject
Project("{FAE04EC0-301F-11D3-BF4B-00C04F79EFBC}") = "TestHotelDuskDecompress", "TestHotelDuskDecompress\TestHotelDuskDecompress.csproj", "{BEF65C5E-354C-4FEB-8963-523322B4FD49}"
EndProject
Project("{FAE04EC0-301F-11D3-BF4B-00C04F79EFBC}") = "TestHotelDuskANMFRM", "TestHotelDuskANMFRM\TestHotelDuskANMFRM.csproj", "{5D07816C-7538-4BD3-9254-5ECA2654AC6B}"
EndProject
Project("{FAE04EC0-301F-11D3-BF4B-00C04F79EFBC}") = "WiiSpeakExplorer", "WiiSpeakExplorer\WiiSpeakExplorer.csproj", "{9FB9C36C-CFB1-43E4-8875-6CE66A2FC335}"
EndProject
Project("{FAE04EC0-301F-11D3-BF4B-00C04F79EFBC}") = "USBIPExplorer", "USBIPExplorer\USBIPExplorer.csproj", "{B237319A-B5E3-491F-88F2-80443EF0370B}"
EndProject
Global
	GlobalSection(SolutionConfigurationPlatforms) = preSolution
		Debug|Any CPU = Debug|Any CPU
		Debug|x86 = Debug|x86
		Release|Any CPU = Release|Any CPU
		Release|x86 = Release|x86
	EndGlobalSection
	GlobalSection(ProjectConfigurationPlatforms) = postSolution
		{6B677DBB-2098-4302-AD46-A7C6536A3FE4}.Debug|Any CPU.ActiveCfg = Debug|Any CPU
		{6B677DBB-2098-4302-AD46-A7C6536A3FE4}.Debug|Any CPU.Build.0 = Debug|Any CPU
		{6B677DBB-2098-4302-AD46-A7C6536A3FE4}.Debug|x86.ActiveCfg = Debug|Any CPU
		{6B677DBB-2098-4302-AD46-A7C6536A3FE4}.Debug|x86.Build.0 = Debug|Any CPU
		{6B677DBB-2098-4302-AD46-A7C6536A3FE4}.Release|Any CPU.ActiveCfg = Release|Any CPU
		{6B677DBB-2098-4302-AD46-A7C6536A3FE4}.Release|Any CPU.Build.0 = Release|Any CPU
		{6B677DBB-2098-4302-AD46-A7C6536A3FE4}.Release|x86.ActiveCfg = Release|Any CPU
		{6B677DBB-2098-4302-AD46-A7C6536A3FE4}.Release|x86.Build.0 = Release|Any CPU
		{158F6A74-2839-4BE6-A758-16E68EA3568B}.Debug|Any CPU.ActiveCfg = Debug|Any CPU
		{158F6A74-2839-4BE6-A758-16E68EA3568B}.Debug|Any CPU.Build.0 = Debug|Any CPU
		{158F6A74-2839-4BE6-A758-16E68EA3568B}.Debug|x86.ActiveCfg = Debug|Any CPU
		{158F6A74-2839-4BE6-A758-16E68EA3568B}.Debug|x86.Build.0 = Debug|Any CPU
		{158F6A74-2839-4BE6-A758-16E68EA3568B}.Release|Any CPU.ActiveCfg = Release|Any CPU
		{158F6A74-2839-4BE6-A758-16E68EA3568B}.Release|Any CPU.Build.0 = Release|Any CPU
		{158F6A74-2839-4BE6-A758-16E68EA3568B}.Release|x86.ActiveCfg = Release|Any CPU
		{158F6A74-2839-4BE6-A758-16E68EA3568B}.Release|x86.Build.0 = Release|Any CPU
		{C293C7E9-2459-4636-AFE4-038AAA0C1280}.Debug|Any CPU.ActiveCfg = Debug|Any CPU
		{C293C7E9-2459-4636-AFE4-038AAA0C1280}.Debug|Any CPU.Build.0 = Debug|Any CPU
		{C293C7E9-2459-4636-AFE4-038AAA0C1280}.Debug|x86.ActiveCfg = Debug|Any CPU
		{C293C7E9-2459-4636-AFE4-038AAA0C1280}.Debug|x86.Build.0 = Debug|Any CPU
		{C293C7E9-2459-4636-AFE4-038AAA0C1280}.Release|Any CPU.ActiveCfg = Release|Any CPU
		{C293C7E9-2459-4636-AFE4-038AAA0C1280}.Release|Any CPU.Build.0 = Release|Any CPU
		{C293C7E9-2459-4636-AFE4-038AAA0C1280}.Release|x86.ActiveCfg = Release|Any CPU
		{C293C7E9-2459-4636-AFE4-038AAA0C1280}.Release|x86.Build.0 = Release|Any CPU
		{C204FCA3-26EB-4451-8BA6-C3DFA3AF66CF}.Debug|Any CPU.ActiveCfg = Debug|Any CPU
		{C204FCA3-26EB-4451-8BA6-C3DFA3AF66CF}.Debug|Any CPU.Build.0 = Debug|Any CPU
		{C204FCA3-26EB-4451-8BA6-C3DFA3AF66CF}.Debug|x86.ActiveCfg = Debug|Any CPU
		{C204FCA3-26EB-4451-8BA6-C3DFA3AF66CF}.Debug|x86.Build.0 = Debug|Any CPU
		{C204FCA3-26EB-4451-8BA6-C3DFA3AF66CF}.Release|Any CPU.ActiveCfg = Release|Any CPU
		{C204FCA3-26EB-4451-8BA6-C3DFA3AF66CF}.Release|Any CPU.Build.0 = Release|Any CPU
		{C204FCA3-26EB-4451-8BA6-C3DFA3AF66CF}.Release|x86.ActiveCfg = Release|Any CPU
		{C204FCA3-26EB-4451-8BA6-C3DFA3AF66CF}.Release|x86.Build.0 = Release|Any CPU
		{AFA2B810-AA76-4150-9026-AB20303984B1}.Debug|Any CPU.ActiveCfg = Debug|Any CPU
		{AFA2B810-AA76-4150-9026-AB20303984B1}.Debug|Any CPU.Build.0 = Debug|Any CPU
		{AFA2B810-AA76-4150-9026-AB20303984B1}.Debug|x86.ActiveCfg = Debug|Any CPU
		{AFA2B810-AA76-4150-9026-AB20303984B1}.Debug|x86.Build.0 = Debug|Any CPU
		{AFA2B810-AA76-4150-9026-AB20303984B1}.Release|Any CPU.ActiveCfg = Release|Any CPU
		{AFA2B810-AA76-4150-9026-AB20303984B1}.Release|Any CPU.Build.0 = Release|Any CPU
		{AFA2B810-AA76-4150-9026-AB20303984B1}.Release|x86.ActiveCfg = Release|Any CPU
		{AFA2B810-AA76-4150-9026-AB20303984B1}.Release|x86.Build.0 = Release|Any CPU
		{3EF3ABF8-65B9-4D5D-A511-7C05D12D8A51}.Debug|Any CPU.ActiveCfg = Debug|Any CPU
		{3EF3ABF8-65B9-4D5D-A511-7C05D12D8A51}.Debug|Any CPU.Build.0 = Debug|Any CPU
		{3EF3ABF8-65B9-4D5D-A511-7C05D12D8A51}.Debug|x86.ActiveCfg = Debug|Any CPU
		{3EF3ABF8-65B9-4D5D-A511-7C05D12D8A51}.Debug|x86.Build.0 = Debug|Any CPU
		{3EF3ABF8-65B9-4D5D-A511-7C05D12D8A51}.Release|Any CPU.ActiveCfg = Release|Any CPU
		{3EF3ABF8-65B9-4D5D-A511-7C05D12D8A51}.Release|Any CPU.Build.0 = Release|Any CPU
		{3EF3ABF8-65B9-4D5D-A511-7C05D12D8A51}.Release|x86.ActiveCfg = Release|Any CPU
		{3EF3ABF8-65B9-4D5D-A511-7C05D12D8A51}.Release|x86.Build.0 = Release|Any CPU
		{83EDC402-6ED0-4CB1-B7E3-1DC6AFA59CA1}.Debug|Any CPU.ActiveCfg = Debug|Any CPU
		{83EDC402-6ED0-4CB1-B7E3-1DC6AFA59CA1}.Debug|Any CPU.Build.0 = Debug|Any CPU
		{83EDC402-6ED0-4CB1-B7E3-1DC6AFA59CA1}.Debug|x86.ActiveCfg = Debug|Any CPU
		{83EDC402-6ED0-4CB1-B7E3-1DC6AFA59CA1}.Debug|x86.Build.0 = Debug|Any CPU
		{83EDC402-6ED0-4CB1-B7E3-1DC6AFA59CA1}.Release|Any CPU.ActiveCfg = Release|Any CPU
		{83EDC402-6ED0-4CB1-B7E3-1DC6AFA59CA1}.Release|Any CPU.Build.0 = Release|Any CPU
		{83EDC402-6ED0-4CB1-B7E3-1DC6AFA59CA1}.Release|x86.ActiveCfg = Release|Any CPU
		{83EDC402-6ED0-4CB1-B7E3-1DC6AFA59CA1}.Release|x86.Build.0 = Release|Any CPU
		{139F7041-0E89-4D06-AD45-5BA3C08BAC66}.Debug|Any CPU.ActiveCfg = Debug|Any CPU
		{139F7041-0E89-4D06-AD45-5BA3C08BAC66}.Debug|Any CPU.Build.0 = Debug|Any CPU
		{139F7041-0E89-4D06-AD45-5BA3C08BAC66}.Debug|x86.ActiveCfg = Debug|Any CPU
		{139F7041-0E89-4D06-AD45-5BA3C08BAC66}.Debug|x86.Build.0 = Debug|Any CPU
		{139F7041-0E89-4D06-AD45-5BA3C08BAC66}.Release|Any CPU.ActiveCfg = Release|Any CPU
		{139F7041-0E89-4D06-AD45-5BA3C08BAC66}.Release|Any CPU.Build.0 = Release|Any CPU
		{139F7041-0E89-4D06-AD45-5BA3C08BAC66}.Release|x86.ActiveCfg = Release|Any CPU
		{139F7041-0E89-4D06-AD45-5BA3C08BAC66}.Release|x86.Build.0 = Release|Any CPU
		{ECE837B9-6A18-44E1-AC9A-9BF8D8140B84}.Debug|Any CPU.ActiveCfg = Debug|Any CPU
		{ECE837B9-6A18-44E1-AC9A-9BF8D8140B84}.Debug|Any CPU.Build.0 = Debug|Any CPU
		{ECE837B9-6A18-44E1-AC9A-9BF8D8140B84}.Debug|x86.ActiveCfg = Debug|Any CPU
		{ECE837B9-6A18-44E1-AC9A-9BF8D8140B84}.Debug|x86.Build.0 = Debug|Any CPU
		{ECE837B9-6A18-44E1-AC9A-9BF8D8140B84}.Release|Any CPU.ActiveCfg = Release|Any CPU
		{ECE837B9-6A18-44E1-AC9A-9BF8D8140B84}.Release|Any CPU.Build.0 = Release|Any CPU
		{ECE837B9-6A18-44E1-AC9A-9BF8D8140B84}.Release|x86.ActiveCfg = Release|Any CPU
		{ECE837B9-6A18-44E1-AC9A-9BF8D8140B84}.Release|x86.Build.0 = Release|Any CPU
		{E45DDF77-D329-4CAC-A5B8-D4678C2BD60E}.Debug|Any CPU.ActiveCfg = Debug|Any CPU
		{E45DDF77-D329-4CAC-A5B8-D4678C2BD60E}.Debug|Any CPU.Build.0 = Debug|Any CPU
		{E45DDF77-D329-4CAC-A5B8-D4678C2BD60E}.Debug|x86.ActiveCfg = Debug|Any CPU
		{E45DDF77-D329-4CAC-A5B8-D4678C2BD60E}.Debug|x86.Build.0 = Debug|Any CPU
		{E45DDF77-D329-4CAC-A5B8-D4678C2BD60E}.Release|Any CPU.ActiveCfg = Release|Any CPU
		{E45DDF77-D329-4CAC-A5B8-D4678C2BD60E}.Release|Any CPU.Build.0 = Release|Any CPU
		{E45DDF77-D329-4CAC-A5B8-D4678C2BD60E}.Release|x86.ActiveCfg = Release|Any CPU
		{E45DDF77-D329-4CAC-A5B8-D4678C2BD60E}.Release|x86.Build.0 = Release|Any CPU
		{BEF65C5E-354C-4FEB-8963-523322B4FD49}.Debug|Any CPU.ActiveCfg = Debug|Any CPU
		{BEF65C5E-354C-4FEB-8963-523322B4FD49}.Debug|Any CPU.Build.0 = Debug|Any CPU
		{BEF65C5E-354C-4FEB-8963-523322B4FD49}.Debug|x86.ActiveCfg = Debug|Any CPU
		{BEF65C5E-354C-4FEB-8963-523322B4FD49}.Debug|x86.Build.0 = Debug|Any CPU
		{BEF65C5E-354C-4FEB-8963-523322B4FD49}.Release|Any CPU.ActiveCfg = Release|Any CPU
		{BEF65C5E-354C-4FEB-8963-523322B4FD49}.Release|Any CPU.Build.0 = Release|Any CPU
		{BEF65C5E-354C-4FEB-8963-523322B4FD49}.Release|x86.ActiveCfg = Release|Any CPU
		{BEF65C5E-354C-4FEB-8963-523322B4FD49}.Release|x86.Build.0 = Release|Any CPU
		{5D07816C-7538-4BD3-9254-5ECA2654AC6B}.Debug|Any CPU.ActiveCfg = Debug|Any CPU
		{5D07816C-7538-4BD3-9254-5ECA2654AC6B}.Debug|Any CPU.Build.0 = Debug|Any CPU
		{5D07816C-7538-4BD3-9254-5ECA2654AC6B}.Debug|x86.ActiveCfg = Debug|Any CPU
		{5D07816C-7538-4BD3-9254-5ECA2654AC6B}.Debug|x86.Build.0 = Debug|Any CPU
		{5D07816C-7538-4BD3-9254-5ECA2654AC6B}.Release|Any CPU.ActiveCfg = Release|Any CPU
		{5D07816C-7538-4BD3-9254-5ECA2654AC6B}.Release|Any CPU.Build.0 = Release|Any CPU
		{5D07816C-7538-4BD3-9254-5ECA2654AC6B}.Release|x86.ActiveCfg = Release|Any CPU
		{5D07816C-7538-4BD3-9254-5ECA2654AC6B}.Release|x86.Build.0 = Release|Any CPU
		{9FB9C36C-CFB1-43E4-8875-6CE66A2FC335}.Debug|Any CPU.ActiveCfg = Debug|Any CPU
		{9FB9C36C-CFB1-43E4-8875-6CE66A2FC335}.Debug|Any CPU.Build.0 = Debug|Any CPU
		{9FB9C36C-CFB1-43E4-8875-6CE66A2FC335}.Debug|x86.ActiveCfg = Debug|Any CPU
		{9FB9C36C-CFB1-43E4-8875-6CE66A2FC335}.Debug|x86.Build.0 = Debug|Any CPU
		{9FB9C36C-CFB1-43E4-8875-6CE66A2FC335}.Release|Any CPU.ActiveCfg = Release|Any CPU
		{9FB9C36C-CFB1-43E4-8875-6CE66A2FC335}.Release|Any CPU.Build.0 = Release|Any CPU
		{9FB9C36C-CFB1-43E4-8875-6CE66A2FC335}.Release|x86.ActiveCfg = Release|Any CPU
		{9FB9C36C-CFB1-43E4-8875-6CE66A2FC335}.Release|x86.Build.0 = Release|Any CPU
		{B237319A-B5E3-491F-88F2-80443EF0370B}.Debug|Any CPU.ActiveCfg = Debug|Any CPU
		{B237319A-B5E3-491F-88F2-80443EF0370B}.Debug|Any CPU.Build.0 = Debug|Any CPU
		{B237319A-B5E3-491F-88F2-80443EF0370B}.Debug|x86.ActiveCfg = Debug|Any CPU
		{B237319A-B5E3-491F-88F2-80443EF0370B}.Debug|x86.Build.0 = Debug|Any CPU
		{B237319A-B5E3-491F-88F2-80443EF0370B}.Release|Any CPU.ActiveCfg = Release|Any CPU
		{B237319A-B5E3-491F-88F2-80443EF0370B}.Release|Any CPU.Build.0 = Release|Any CPU
		{B237319A-B5E3-491F-88F2-80443EF0370B}.Release|x86.ActiveCfg = Release|Any CPU
		{B237319A-B5E3-491F-88F2-80443EF0370B}.Release|x86.Build.0 = Release|Any CPU
	EndGlobalSection
	GlobalSection(SolutionProperties) = preSolution
		HideSolutionNode = FALSE
	EndGlobalSection
	GlobalSection(NestedProjects) = preSolution
		{6B677DBB-2098-4302-AD46-A7C6536A3FE4} = {2553BBBB-5D98-4ADD-86BA-EA7920289A25}
		{158F6A74-2839-4BE6-A758-16E68EA3568B} = {945E5C1E-A7A0-4B1B-AAEF-102868418604}
		{C293C7E9-2459-4636-AFE4-038AAA0C1280} = {0C89EC5A-334F-4DD8-A92B-0E7B0434114A}
		{C204FCA3-26EB-4451-8BA6-C3DFA3AF66CF} = {8AD7FA9F-7DB7-4B05-AF4E-CECA58522B21}
		{AFA2B810-AA76-4150-9026-AB20303984B1} = {8AD7FA9F-7DB7-4B05-AF4E-CECA58522B21}
		{3EF3ABF8-65B9-4D5D-A511-7C05D12D8A51} = {0C89EC5A-334F-4DD8-A92B-0E7B0434114A}
		{83EDC402-6ED0-4CB1-B7E3-1DC6AFA59CA1} = {2553BBBB-5D98-4ADD-86BA-EA7920289A25}
		{139F7041-0E89-4D06-AD45-5BA3C08BAC66} = {2553BBBB-5D98-4ADD-86BA-EA7920289A25}
		{ECE837B9-6A18-44E1-AC9A-9BF8D8140B84} = {945E5C1E-A7A0-4B1B-AAEF-102868418604}
		{E45DDF77-D329-4CAC-A5B8-D4678C2BD60E} = {0C89EC5A-334F-4DD8-A92B-0E7B0434114A}
		{BEF65C5E-354C-4FEB-8963-523322B4FD49} = {0C89EC5A-334F-4DD8-A92B-0E7B0434114A}
		{5D07816C-7538-4BD3-9254-5ECA2654AC6B} = {0C89EC5A-334F-4DD8-A92B-0E7B0434114A}
		{9FB9C36C-CFB1-43E4-8875-6CE66A2FC335} = {945E5C1E-A7A0-4B1B-AAEF-102868418604}
		{B237319A-B5E3-491F-88F2-80443EF0370B} = {945E5C1E-A7A0-4B1B-AAEF-102868418604}
	EndGlobalSection
EndGlobal
